{
  "version": 4,
  "terraform_version": "1.6.6",
  "serial": 5,
  "lineage": "2246f2b3-9b9b-4d14-b11d-c44482a3817c",
  "outputs": {},
  "resources": [
    {
      "mode": "managed",
      "type": "local_file",
      "name": "myfile",
      "provider": "provider[\"registry.terraform.io/hashicorp/local\"]",
      "instances": [
        {
          "schema_version": 0,
          "attributes": {
            "content": "First example in Devops",
            "content_base64": null,
            "content_base64sha256": "C29GuUW2pKOsxrj4sqOX+wPBniQsmkH2l8GIWVGVHLI=",
            "content_base64sha512": "XAGiig6Vii0ngRSJENcqG0r0sGaWFkekO6nR6Xf/mVWt1H0Kpy+qgH7xrBEH4XLKYZ/gwVMeAKcbfTccwUdREw==",
            "content_md5": "61aec1a02557713287e92d358ab4085a",
            "content_sha1": "f63cf56e8f7999bf9f303b9c2882caa42a7718a5",
            "content_sha256": "0b6f46b945b6a4a3acc6b8f8b2a397fb03c19e242c9a41f697c1885951951cb2",
            "content_sha512": "5c01a28a0e958a2d2781148910d72a1b4af4b066961647a43ba9d1e977ff9955add47d0aa72faa807ef1ac1107e172ca619fe0c1531e00a71b7d371cc1475113",
            "directory_permission": "0777",
            "file_permission": "0777",
            "filename": "example1.txt",
            "id": "f63cf56e8f7999bf9f303b9c2882caa42a7718a5",
            "sensitive_content": null,
            "source": null
          },
          "sensitive_attributes": []
        }
      ]
    }
  ],
  "check_results": null
}
